
Microsoft Visual Studio Solution File, Format Version 12.00
# Visual Studio Version 17
VisualStudioVersion = 17.5.002.0
MinimumVisualStudioVersion = 10.0.40219.1
Project("{2150E333-8FDC-42A3-9474-1A3956D46DE8}") = "Programación en C#", "Programación en C#", "{775F450F-1C06-4782-A86E-2453F7B1999E}"
EndProject
Project("{9A19103F-16F7-4668-BE54-9A1E7A4F7556}") = "listas", "Programación en C#\listas\listas.csproj", "{A3066FBA-32B9-4DF5-BEC0-4AB0BF673BA3}"
EndProject
Project("{9A19103F-16F7-4668-BE54-9A1E7A4F7556}") = "variables", "Programación en C#\variables\variables.csproj", "{3C1CE29E-3664-41BA-AEA2-F05E52190C0F}"
EndProject
Global
	GlobalSection(SolutionConfigurationPlatforms) = preSolution
		Debug|Any CPU = Debug|Any CPU
		Release|Any CPU = Release|Any CPU
	EndGlobalSection
	GlobalSection(ProjectConfigurationPlatforms) = postSolution
		{A3066FBA-32B9-4DF5-BEC0-4AB0BF673BA3}.Debug|Any CPU.ActiveCfg = Debug|Any CPU
		{A3066FBA-32B9-4DF5-BEC0-4AB0BF673BA3}.Debug|Any CPU.Build.0 = Debug|Any CPU
		{A3066FBA-32B9-4DF5-BEC0-4AB0BF673BA3}.Release|Any CPU.ActiveCfg = Release|Any CPU
		{A3066FBA-32B9-4DF5-BEC0-4AB0BF673BA3}.Release|Any CPU.Build.0 = Release|Any CPU
		{3C1CE29E-3664-41BA-AEA2-F05E52190C0F}.Debug|Any CPU.ActiveCfg = Debug|Any CPU
		{3C1CE29E-3664-41BA-AEA2-F05E52190C0F}.Debug|Any CPU.Build.0 = Debug|Any CPU
		{3C1CE29E-3664-41BA-AEA2-F05E52190C0F}.Release|Any CPU.ActiveCfg = Release|Any CPU
		{3C1CE29E-3664-41BA-AEA2-F05E52190C0F}.Release|Any CPU.Build.0 = Release|Any CPU
	EndGlobalSection
	GlobalSection(SolutionProperties) = preSolution
		HideSolutionNode = FALSE
	EndGlobalSection
	GlobalSection(NestedProjects) = preSolution
		{A3066FBA-32B9-4DF5-BEC0-4AB0BF673BA3} = {775F450F-1C06-4782-A86E-2453F7B1999E}
		{3C1CE29E-3664-41BA-AEA2-F05E52190C0F} = {775F450F-1C06-4782-A86E-2453F7B1999E}
	EndGlobalSection
	GlobalSection(ExtensibilityGlobals) = postSolution
		SolutionGuid = {345E59E7-FFA9-4E1C-83C6-E37BDAB1F7E0}
	EndGlobalSection
EndGlobal
